
Microsoft Visual Studio Solution File, Format Version 12.00
# Visual Studio 15
VisualStudioVersion = 15.0.28307.168
MinimumVisualStudioVersion = 10.0.40219.1
Project("{FAE04EC0-301F-11D3-BF4B-00C04F79EFBC}") = "Webtest", "Webtest\Webtest.csproj", "{60B59175-820B-4CF9-9269-7A7B5EA8F0F7}"
EndProject
Global
	GlobalSection(SolutionConfigurationPlatforms) = preSolution
		Debug|Any CPU = Debug|Any CPU
		Release|Any CPU = Release|Any CPU
	EndGlobalSection
	GlobalSection(ProjectConfigurationPlatforms) = postSolution
		{60B59175-820B-4CF9-9269-7A7B5EA8F0F7}.Debug|Any CPU.ActiveCfg = Debug|Any CPU
		{60B59175-820B-4CF9-9269-7A7B5EA8F0F7}.Debug|Any CPU.Build.0 = Debug|Any CPU
		{60B59175-820B-4CF9-9269-7A7B5EA8F0F7}.Release|Any CPU.ActiveCfg = Release|Any CPU
		{60B59175-820B-4CF9-9269-7A7B5EA8F0F7}.Release|Any CPU.Build.0 = Release|Any CPU
	EndGlobalSection
	GlobalSection(SolutionProperties) = preSolution
		HideSolutionNode = FALSE
	EndGlobalSection
	GlobalSection(ExtensibilityGlobals) = postSolution
		SolutionGuid = {B8CDCC93-9AD6-45F0-A467-09A1B9772985}
	EndGlobalSection
EndGlobal
